
Microsoft Visual Studio Solution File, Format Version 12.00
# Visual Studio Version 17
VisualStudioVersion = 17.9.34310.174
MinimumVisualStudioVersion = 10.0.40219.1
Project("{FAE04EC0-301F-11D3-BF4B-00C04F79EFBC}") = "DapperGenericRepositoryProject.API", "DapperGenericRepositoryProject.API\DapperGenericRepositoryProject.API.csproj", "{EB4EB2F4-3B45-433F-8AA2-8BF7476E2E95}"
EndProject
Global
	GlobalSection(SolutionConfigurationPlatforms) = preSolution
		Debug|Any CPU = Debug|Any CPU
		Release|Any CPU = Release|Any CPU
	EndGlobalSection
	GlobalSection(ProjectConfigurationPlatforms) = postSolution
		{EB4EB2F4-3B45-433F-8AA2-8BF7476E2E95}.Debug|Any CPU.ActiveCfg = Debug|Any CPU
		{EB4EB2F4-3B45-433F-8AA2-8BF7476E2E95}.Debug|Any CPU.Build.0 = Debug|Any CPU
		{EB4EB2F4-3B45-433F-8AA2-8BF7476E2E95}.Release|Any CPU.ActiveCfg = Release|Any CPU
		{EB4EB2F4-3B45-433F-8AA2-8BF7476E2E95}.Release|Any CPU.Build.0 = Release|Any CPU
	EndGlobalSection
	GlobalSection(SolutionProperties) = preSolution
		HideSolutionNode = FALSE
	EndGlobalSection
	GlobalSection(ExtensibilityGlobals) = postSolution
		SolutionGuid = {8130EEB1-D5A0-4B21-95A6-3EE42E24BC4B}
	EndGlobalSection
EndGlobal
